
Microsoft Visual Studio Solution File, Format Version 12.00
# Visual Studio Version 17
VisualStudioVersion = 17.6.33723.286
MinimumVisualStudioVersion = 10.0.40219.1
Project("{FAE04EC0-301F-11D3-BF4B-00C04F79EFBC}") = "SharpTerminator", "SharpTerminator\SharpTerminator.csproj", "{6634B45E-1BC1-4558-B9A7-34604E727DFA}"
EndProject
Global
	GlobalSection(SolutionConfigurationPlatforms) = preSolution
		Debug|Any CPU = Debug|Any CPU
		Release|Any CPU = Release|Any CPU
	EndGlobalSection
	GlobalSection(ProjectConfigurationPlatforms) = postSolution
		{6634B45E-1BC1-4558-B9A7-34604E727DFA}.Debug|Any CPU.ActiveCfg = Debug|Any CPU
		{6634B45E-1BC1-4558-B9A7-34604E727DFA}.Debug|Any CPU.Build.0 = Debug|Any CPU
		{6634B45E-1BC1-4558-B9A7-34604E727DFA}.Release|Any CPU.ActiveCfg = Release|Any CPU
		{6634B45E-1BC1-4558-B9A7-34604E727DFA}.Release|Any CPU.Build.0 = Release|Any CPU
	EndGlobalSection
	GlobalSection(SolutionProperties) = preSolution
		HideSolutionNode = FALSE
	EndGlobalSection
	GlobalSection(ExtensibilityGlobals) = postSolution
		SolutionGuid = {25A1497C-EA7D-46A8-B9D9-CF995991067F}
	EndGlobalSection
EndGlobal
